
Microsoft Visual Studio Solution File, Format Version 12.00
# Visual Studio Version 17
VisualStudioVersion = 17.3.32721.290
MinimumVisualStudioVersion = 10.0.40219.1
Project("{9A19103F-16F7-4668-BE54-9A1E7A4F7556}") = "Crs.Backend", "Crs.Backend\Crs.Backend.csproj", "{4EDBD38C-915C-4E9C-8278-6CDABFD4C62D}"
EndProject
Project("{9A19103F-16F7-4668-BE54-9A1E7A4F7556}") = "CliTools.CreateNextVersion", "CliTools\CliTools.CreateNextVersion\CliTools.CreateNextVersion.csproj", "{2DBE173C-C20A-48B4-9B23-C52C7FA0133C}"
EndProject
Project("{9A19103F-16F7-4668-BE54-9A1E7A4F7556}") = "Crs.Backend.Tests", "Crs.Backend.Tests\Crs.Backend.Tests.csproj", "{4A34B599-9002-4B9B-A2F7-CCD9B6AFF647}"
EndProject
Project("{9A19103F-16F7-4668-BE54-9A1E7A4F7556}") = "CliTools.UpdateChartVersion", "CliTools\CliTools.UpdateChartVersion\CliTools.UpdateChartVersion.csproj", "{CEFD6ED9-2FC7-4AEF-98D3-22CFAFF06F40}"
EndProject
Project("{2150E333-8FDC-42A3-9474-1A3956D46DE8}") = "CliTools", "CliTools", "{0DC8E3A7-743E-4BFA-964E-37008AC5D946}"
EndProject
Global
	GlobalSection(SolutionConfigurationPlatforms) = preSolution
		Debug|Any CPU = Debug|Any CPU
		Release|Any CPU = Release|Any CPU
	EndGlobalSection
	GlobalSection(ProjectConfigurationPlatforms) = postSolution
		{4EDBD38C-915C-4E9C-8278-6CDABFD4C62D}.Debug|Any CPU.ActiveCfg = Debug|Any CPU
		{4EDBD38C-915C-4E9C-8278-6CDABFD4C62D}.Debug|Any CPU.Build.0 = Debug|Any CPU
		{4EDBD38C-915C-4E9C-8278-6CDABFD4C62D}.Release|Any CPU.ActiveCfg = Release|Any CPU
		{4EDBD38C-915C-4E9C-8278-6CDABFD4C62D}.Release|Any CPU.Build.0 = Release|Any CPU
		{2DBE173C-C20A-48B4-9B23-C52C7FA0133C}.Debug|Any CPU.ActiveCfg = Debug|Any CPU
		{2DBE173C-C20A-48B4-9B23-C52C7FA0133C}.Debug|Any CPU.Build.0 = Debug|Any CPU
		{2DBE173C-C20A-48B4-9B23-C52C7FA0133C}.Release|Any CPU.ActiveCfg = Release|Any CPU
		{2DBE173C-C20A-48B4-9B23-C52C7FA0133C}.Release|Any CPU.Build.0 = Release|Any CPU
		{4A34B599-9002-4B9B-A2F7-CCD9B6AFF647}.Debug|Any CPU.ActiveCfg = Debug|Any CPU
		{4A34B599-9002-4B9B-A2F7-CCD9B6AFF647}.Debug|Any CPU.Build.0 = Debug|Any CPU
		{4A34B599-9002-4B9B-A2F7-CCD9B6AFF647}.Release|Any CPU.ActiveCfg = Release|Any CPU
		{4A34B599-9002-4B9B-A2F7-CCD9B6AFF647}.Release|Any CPU.Build.0 = Release|Any CPU
		{CEFD6ED9-2FC7-4AEF-98D3-22CFAFF06F40}.Debug|Any CPU.ActiveCfg = Debug|Any CPU
		{CEFD6ED9-2FC7-4AEF-98D3-22CFAFF06F40}.Debug|Any CPU.Build.0 = Debug|Any CPU
		{CEFD6ED9-2FC7-4AEF-98D3-22CFAFF06F40}.Release|Any CPU.ActiveCfg = Release|Any CPU
		{CEFD6ED9-2FC7-4AEF-98D3-22CFAFF06F40}.Release|Any CPU.Build.0 = Release|Any CPU
	EndGlobalSection
	GlobalSection(SolutionProperties) = preSolution
		HideSolutionNode = FALSE
	EndGlobalSection
	GlobalSection(NestedProjects) = preSolution
		{2DBE173C-C20A-48B4-9B23-C52C7FA0133C} = {0DC8E3A7-743E-4BFA-964E-37008AC5D946}
		{CEFD6ED9-2FC7-4AEF-98D3-22CFAFF06F40} = {0DC8E3A7-743E-4BFA-964E-37008AC5D946}
	EndGlobalSection
	GlobalSection(ExtensibilityGlobals) = postSolution
		SolutionGuid = {5E2C2D2D-277F-4796-96EE-3BA07C4D9843}
	EndGlobalSection
EndGlobal
